
Microsoft Visual Studio Solution File, Format Version 12.00
# Visual Studio Version 16
VisualStudioVersion = 16.0.28721.148
MinimumVisualStudioVersion = 10.0.40219.1
Project("{FAE04EC0-301F-11D3-BF4B-00C04F79EFBC}") = "Fourier Transform", "Fourier Transform\Fourier Transform.csproj", "{5C9DE668-2F92-4030-993B-57FF1F032464}"
EndProject
Global
	GlobalSection(SolutionConfigurationPlatforms) = preSolution
		Debug|Any CPU = Debug|Any CPU
		Release|Any CPU = Release|Any CPU
	EndGlobalSection
	GlobalSection(ProjectConfigurationPlatforms) = postSolution
		{5C9DE668-2F92-4030-993B-57FF1F032464}.Debug|Any CPU.ActiveCfg = Debug|Any CPU
		{5C9DE668-2F92-4030-993B-57FF1F032464}.Debug|Any CPU.Build.0 = Debug|Any CPU
		{5C9DE668-2F92-4030-993B-57FF1F032464}.Release|Any CPU.ActiveCfg = Release|Any CPU
		{5C9DE668-2F92-4030-993B-57FF1F032464}.Release|Any CPU.Build.0 = Release|Any CPU
	EndGlobalSection
	GlobalSection(SolutionProperties) = preSolution
		HideSolutionNode = FALSE
	EndGlobalSection
	GlobalSection(ExtensibilityGlobals) = postSolution
		SolutionGuid = {BF41237E-D110-4701-9F07-3CBDA9FF6433}
	EndGlobalSection
EndGlobal
